
Microsoft Visual Studio Solution File, Format Version 12.00
# Visual Studio Version 17
VisualStudioVersion = 17.2.32526.322
MinimumVisualStudioVersion = 10.0.40219.1
Project("{FAE04EC0-301F-11D3-BF4B-00C04F79EFBC}") = "ColonistHider", "ColonistHider.csproj", "{7A8B042B-A5A7-4BAA-AB1B-30EFA5B4A07A}"
EndProject
Global
	GlobalSection(SolutionConfigurationPlatforms) = preSolution
		Debug|Any CPU = Debug|Any CPU
		Release|Any CPU = Release|Any CPU
	EndGlobalSection
	GlobalSection(ProjectConfigurationPlatforms) = postSolution
		{7A8B042B-A5A7-4BAA-AB1B-30EFA5B4A07A}.Debug|Any CPU.ActiveCfg = Debug|Any CPU
		{7A8B042B-A5A7-4BAA-AB1B-30EFA5B4A07A}.Debug|Any CPU.Build.0 = Debug|Any CPU
		{7A8B042B-A5A7-4BAA-AB1B-30EFA5B4A07A}.Release|Any CPU.ActiveCfg = Release|Any CPU
		{7A8B042B-A5A7-4BAA-AB1B-30EFA5B4A07A}.Release|Any CPU.Build.0 = Release|Any CPU
	EndGlobalSection
	GlobalSection(SolutionProperties) = preSolution
		HideSolutionNode = FALSE
	EndGlobalSection
	GlobalSection(ExtensibilityGlobals) = postSolution
		SolutionGuid = {4AB66371-65D1-46CA-A08F-0BA5B95A1849}
	EndGlobalSection
EndGlobal
